// !$*UTF8*$!
{
	archiveVersion = 1;
	classes = {
	};
	objectVersion = 50;
	objects = {

/* Begin PBXBuildFile section */
		5A1855CC18203B6D8E836A83 /* Pods_ShudderDemoTests.framework in Frameworks */ = {isa = PBXBuildFile; fileRef = A9CD2188951F1043FAD8FED3 /* Pods_ShudderDemoTests.framework */; };
		9701A744B326931769847177 /* Pods_ShudderDemo.framework in Frameworks */ = {isa = PBXBuildFile; fileRef = 553F7B9A2301E2FCF68331CD /* Pods_ShudderDemo.framework */; };
		9A64C16E215ACBC20018F61B /* CategoryRowCell.swift in Sources */ = {isa = PBXBuildFile; fileRef = 9A64C16D215ACBC20018F61B /* CategoryRowCell.swift */; };
		9A64C170215B62390018F61B /* GlobalAppearance.swift in Sources */ = {isa = PBXBuildFile; fileRef = 9A64C16F215B62390018F61B /* GlobalAppearance.swift */; };
		9A64C173215B63390018F61B /* UIColor+Extensions.swift in Sources */ = {isa = PBXBuildFile; fileRef = 9A64C172215B63390018F61B /* UIColor+Extensions.swift */; };
		9A64C175215B69710018F61B /* UINavigationController+Extensions.swift in Sources */ = {isa = PBXBuildFile; fileRef = 9A64C174215B69710018F61B /* UINavigationController+Extensions.swift */; };
		9A64C178215B6A1E0018F61B /* data.json in Resources */ = {isa = PBXBuildFile; fileRef = 9A64C177215B6A1E0018F61B /* data.json */; };
		9A64C17B215B6BEB0018F61B /* ShudderMovieService.swift in Sources */ = {isa = PBXBuildFile; fileRef = 9A64C17A215B6BEB0018F61B /* ShudderMovieService.swift */; };
		9A64C17E215B72410018F61B /* Section.swift in Sources */ = {isa = PBXBuildFile; fileRef = 9A64C17D215B72410018F61B /* Section.swift */; };
		9A64C180215B72690018F61B /* Item.swift in Sources */ = {isa = PBXBuildFile; fileRef = 9A64C17F215B72690018F61B /* Item.swift */; };
		9A64C182215B738D0018F61B /* MovieService.swift in Sources */ = {isa = PBXBuildFile; fileRef = 9A64C181215B738D0018F61B /* MovieService.swift */; };
		9A64C184215B74E20018F61B /* FeaturedViewModel.swift in Sources */ = {isa = PBXBuildFile; fileRef = 9A64C183215B74E20018F61B /* FeaturedViewModel.swift */; };
		9A6815EA215AC2D600C7BA6E /* Roboto-Condensed.ttf in Resources */ = {isa = PBXBuildFile; fileRef = 9A6815E9215AC2D600C7BA6E /* Roboto-Condensed.ttf */; };
		9AE64C10215ABFE70005837D /* AppDelegate.swift in Sources */ = {isa = PBXBuildFile; fileRef = 9AE64C0F215ABFE70005837D /* AppDelegate.swift */; };
		9AE64C12215ABFE70005837D /* FeaturedViewController.swift in Sources */ = {isa = PBXBuildFile; fileRef = 9AE64C11215ABFE70005837D /* FeaturedViewController.swift */; };
		9AE64C17215ABFE80005837D /* Assets.xcassets in Resources */ = {isa = PBXBuildFile; fileRef = 9AE64C16215ABFE80005837D /* Assets.xcassets */; };
		9AE64C1A215ABFE80005837D /* LaunchScreen.storyboard in Resources */ = {isa = PBXBuildFile; fileRef = 9AE64C18215ABFE80005837D /* LaunchScreen.storyboard */; };
		9AE64C25215ABFE80005837D /* ShudderDemoTests.swift in Sources */ = {isa = PBXBuildFile; fileRef = 9AE64C24215ABFE80005837D /* ShudderDemoTests.swift */; };
/* End PBXBuildFile section */

/* Begin PBXContainerItemProxy section */
		9AE64C21215ABFE80005837D /* PBXContainerItemProxy */ = {
			isa = PBXContainerItemProxy;
			containerPortal = 9AE64C04215ABFE70005837D /* Project object */;
			proxyType = 1;
			remoteGlobalIDString = 9AE64C0B215ABFE70005837D;
			remoteInfo = ShudderDemo;
		};
/* End PBXContainerItemProxy section */

/* Begin PBXFileReference section */
		1FEF59F0F58DBA54670E48A2 /* Pods-ShudderDemoTests.debug.xcconfig */ = {isa = PBXFileReference; includeInIndex = 1; lastKnownFileType = text.xcconfig; name = "Pods-ShudderDemoTests.debug.xcconfig"; path = "Pods/Target Support Files/Pods-ShudderDemoTests/Pods-ShudderDemoTests.debug.xcconfig"; sourceTree = "<group>"; };
		553F7B9A2301E2FCF68331CD /* Pods_ShudderDemo.framework */ = {isa = PBXFileReference; explicitFileType = wrapper.framework; includeInIndex = 0; path = Pods_ShudderDemo.framework; sourceTree = BUILT_PRODUCTS_DIR; };
		9661CC0322AE1779AFD170D0 /* Pods-ShudderDemoTests.release.xcconfig */ = {isa = PBXFileReference; includeInIndex = 1; lastKnownFileType = text.xcconfig; name = "Pods-ShudderDemoTests.release.xcconfig"; path = "Pods/Target Support Files/Pods-ShudderDemoTests/Pods-ShudderDemoTests.release.xcconfig"; sourceTree = "<group>"; };
		999E4B99AC88C640032C38F3 /* Pods-ShudderDemo.release.xcconfig */ = {isa = PBXFileReference; includeInIndex = 1; lastKnownFileType = text.xcconfig; name = "Pods-ShudderDemo.release.xcconfig"; path = "Pods/Target Support Files/Pods-ShudderDemo/Pods-ShudderDemo.release.xcconfig"; sourceTree = "<group>"; };
		9A64C16D215ACBC20018F61B /* CategoryRowCell.swift */ = {isa = PBXFileReference; lastKnownFileType = sourcecode.swift; path = CategoryRowCell.swift; sourceTree = "<group>"; };
		9A64C16F215B62390018F61B /* GlobalAppearance.swift */ = {isa = PBXFileReference; lastKnownFileType = sourcecode.swift; path = GlobalAppearance.swift; sourceTree = "<group>"; };
		9A64C172215B63390018F61B /* UIColor+Extensions.swift */ = {isa = PBXFileReference; lastKnownFileType = sourcecode.swift; path = "UIColor+Extensions.swift"; sourceTree = "<group>"; };
		9A64C174215B69710018F61B /* UINavigationController+Extensions.swift */ = {isa = PBXFileReference; lastKnownFileType = sourcecode.swift; path = "UINavigationController+Extensions.swift"; sourceTree = "<group>"; };
		9A64C177215B6A1E0018F61B /* data.json */ = {isa = PBXFileReference; lastKnownFileType = text.json; path = data.json; sourceTree = "<group>"; };
		9A64C17A215B6BEB0018F61B /* ShudderMovieService.swift */ = {isa = PBXFileReference; lastKnownFileType = sourcecode.swift; path = ShudderMovieService.swift; sourceTree = "<group>"; };
		9A64C17D215B72410018F61B /* Section.swift */ = {isa = PBXFileReference; lastKnownFileType = sourcecode.swift; path = Section.swift; sourceTree = "<group>"; };
		9A64C17F215B72690018F61B /* Item.swift */ = {isa = PBXFileReference; lastKnownFileType = sourcecode.swift; path = Item.swift; sourceTree = "<group>"; };
		9A64C181215B738D0018F61B /* MovieService.swift */ = {isa = PBXFileReference; lastKnownFileType = sourcecode.swift; path = MovieService.swift; sourceTree = "<group>"; };
		9A64C183215B74E20018F61B /* FeaturedViewModel.swift */ = {isa = PBXFileReference; lastKnownFileType = sourcecode.swift; path = FeaturedViewModel.swift; sourceTree = "<group>"; };
		9A6815E9215AC2D600C7BA6E /* Roboto-Condensed.ttf */ = {isa = PBXFileReference; lastKnownFileType = file; path = "Roboto-Condensed.ttf"; sourceTree = "<group>"; };
		9AE64C0C215ABFE70005837D /* ShudderDemo.app */ = {isa = PBXFileReference; explicitFileType = wrapper.application; includeInIndex = 0; path = ShudderDemo.app; sourceTree = BUILT_PRODUCTS_DIR; };
		9AE64C0F215ABFE70005837D /* AppDelegate.swift */ = {isa = PBXFileReference; lastKnownFileType = sourcecode.swift; path = AppDelegate.swift; sourceTree = "<group>"; };
		9AE64C11215ABFE70005837D /* FeaturedViewController.swift */ = {isa = PBXFileReference; lastKnownFileType = sourcecode.swift; path = FeaturedViewController.swift; sourceTree = "<group>"; };
		9AE64C16215ABFE80005837D /* Assets.xcassets */ = {isa = PBXFileReference; lastKnownFileType = folder.assetcatalog; path = Assets.xcassets; sourceTree = "<group>"; };
		9AE64C19215ABFE80005837D /* Base */ = {isa = PBXFileReference; lastKnownFileType = file.storyboard; name = Base; path = Base.lproj/LaunchScreen.storyboard; sourceTree = "<group>"; };
		9AE64C1B215ABFE80005837D /* Info.plist */ = {isa = PBXFileReference; lastKnownFileType = text.plist.xml; path = Info.plist; sourceTree = "<group>"; };
		9AE64C20215ABFE80005837D /* ShudderDemoTests.xctest */ = {isa = PBXFileReference; explicitFileType = wrapper.cfbundle; includeInIndex = 0; path = ShudderDemoTests.xctest; sourceTree = BUILT_PRODUCTS_DIR; };
		9AE64C24215ABFE80005837D /* ShudderDemoTests.swift */ = {isa = PBXFileReference; lastKnownFileType = sourcecode.swift; path = ShudderDemoTests.swift; sourceTree = "<group>"; };
		9AE64C26215ABFE80005837D /* Info.plist */ = {isa = PBXFileReference; lastKnownFileType = text.plist.xml; path = Info.plist; sourceTree = "<group>"; };
		A9CD2188951F1043FAD8FED3 /* Pods_ShudderDemoTests.framework */ = {isa = PBXFileReference; explicitFileType = wrapper.framework; includeInIndex = 0; path = Pods_ShudderDemoTests.framework; sourceTree = BUILT_PRODUCTS_DIR; };
		C7C23CEECA06AB34E7EA2225 /* Pods-ShudderDemo.debug.xcconfig */ = {isa = PBXFileReference; includeInIndex = 1; lastKnownFileType = text.xcconfig; name = "Pods-ShudderDemo.debug.xcconfig"; path = "Pods/Target Support Files/Pods-ShudderDemo/Pods-ShudderDemo.debug.xcconfig"; sourceTree = "<group>"; };
/* End PBXFileReference section */

/* Begin PBXFrameworksBuildPhase section */
		9AE64C09215ABFE70005837D /* Frameworks */ = {
			isa = PBXFrameworksBuildPhase;
			buildActionMask = 2147483647;
			files = (
				9701A744B326931769847177 /* Pods_ShudderDemo.framework in Frameworks */,
			);
			runOnlyForDeploymentPostprocessing = 0;
		};
		9AE64C1D215ABFE80005837D /* Frameworks */ = {
			isa = PBXFrameworksBuildPhase;
			buildActionMask = 2147483647;
			files = (
				5A1855CC18203B6D8E836A83 /* Pods_ShudderDemoTests.framework in Frameworks */,
			);
			runOnlyForDeploymentPostprocessing = 0;
		};
/* End PBXFrameworksBuildPhase section */

/* Begin PBXGroup section */
		9A64C16B215ACB610018F61B /* Featured */ = {
			isa = PBXGroup;
			children = (
				9A64C186215B74F30018F61B /* Controllers */,
				9A64C185215B74EC0018F61B /* ViewModels */,
				9A64C17C215B722E0018F61B /* Models */,
				9A64C16C215ACB680018F61B /* Views */,
			);
			path = Featured;
			sourceTree = "<group>";
		};
		9A64C16C215ACB680018F61B /* Views */ = {
			isa = PBXGroup;
			children = (
				9A64C16D215ACBC20018F61B /* CategoryRowCell.swift */,
			);
			path = Views;
			sourceTree = "<group>";
		};
		9A64C171215B632E0018F61B /* Extensions */ = {
			isa = PBXGroup;
			children = (
				9A64C172215B63390018F61B /* UIColor+Extensions.swift */,
				9A64C174215B69710018F61B /* UINavigationController+Extensions.swift */,
			);
			path = Extensions;
			sourceTree = "<group>";
		};
		9A64C176215B6A050018F61B /* Data */ = {
			isa = PBXGroup;
			children = (
				9A64C177215B6A1E0018F61B /* data.json */,
			);
			path = Data;
			sourceTree = "<group>";
		};
		9A64C179215B6BD00018F61B /* Services */ = {
			isa = PBXGroup;
			children = (
				9A64C17A215B6BEB0018F61B /* ShudderMovieService.swift */,
				9A64C181215B738D0018F61B /* MovieService.swift */,
			);
			path = Services;
			sourceTree = "<group>";
		};
		9A64C17C215B722E0018F61B /* Models */ = {
			isa = PBXGroup;
			children = (
				9A64C17D215B72410018F61B /* Section.swift */,
				9A64C17F215B72690018F61B /* Item.swift */,
			);
			path = Models;
			sourceTree = "<group>";
		};
		9A64C185215B74EC0018F61B /* ViewModels */ = {
			isa = PBXGroup;
			children = (
				9A64C183215B74E20018F61B /* FeaturedViewModel.swift */,
			);
			path = ViewModels;
			sourceTree = "<group>";
		};
		9A64C186215B74F30018F61B /* Controllers */ = {
			isa = PBXGroup;
			children = (
				9AE64C11215ABFE70005837D /* FeaturedViewController.swift */,
			);
			path = Controllers;
			sourceTree = "<group>";
		};
		9A6815E7215AC2C400C7BA6E /* Assets */ = {
			isa = PBXGroup;
			children = (
				9A64C176215B6A050018F61B /* Data */,
				9A6815E8215AC2C900C7BA6E /* Fonts */,
			);
			path = Assets;
			sourceTree = "<group>";
		};
		9A6815E8215AC2C900C7BA6E /* Fonts */ = {
			isa = PBXGroup;
			children = (
				9A6815E9215AC2D600C7BA6E /* Roboto-Condensed.ttf */,
			);
			path = Fonts;
			sourceTree = "<group>";
		};
		9AE64C03215ABFE70005837D = {
			isa = PBXGroup;
			children = (
				9AE64C0E215ABFE70005837D /* ShudderDemo */,
				9AE64C23215ABFE80005837D /* ShudderDemoTests */,
				9AE64C0D215ABFE70005837D /* Products */,
				A83687674B19FF225CC23C2A /* Pods */,
				F170D54530010C6315FFFBE9 /* Frameworks */,
			);
			sourceTree = "<group>";
		};
		9AE64C0D215ABFE70005837D /* Products */ = {
			isa = PBXGroup;
			children = (
				9AE64C0C215ABFE70005837D /* ShudderDemo.app */,
				9AE64C20215ABFE80005837D /* ShudderDemoTests.xctest */,
			);
			name = Products;
			sourceTree = "<group>";
		};
		9AE64C0E215ABFE70005837D /* ShudderDemo */ = {
			isa = PBXGroup;
			children = (
				9A64C179215B6BD00018F61B /* Services */,
				9A64C171215B632E0018F61B /* Extensions */,
				9A64C16B215ACB610018F61B /* Featured */,
				9A6815E7215AC2C400C7BA6E /* Assets */,
				9AE64C0F215ABFE70005837D /* AppDelegate.swift */,
				9AE64C16215ABFE80005837D /* Assets.xcassets */,
				9AE64C18215ABFE80005837D /* LaunchScreen.storyboard */,
				9AE64C1B215ABFE80005837D /* Info.plist */,
				9A64C16F215B62390018F61B /* GlobalAppearance.swift */,
			);
			path = ShudderDemo;
			sourceTree = "<group>";
		};
		9AE64C23215ABFE80005837D /* ShudderDemoTests */ = {
			isa = PBXGroup;
			children = (
				9AE64C24215ABFE80005837D /* ShudderDemoTests.swift */,
				9AE64C26215ABFE80005837D /* Info.plist */,
			);
			path = ShudderDemoTests;
			sourceTree = "<group>";
		};
		A83687674B19FF225CC23C2A /* Pods */ = {
			isa = PBXGroup;
			children = (
				C7C23CEECA06AB34E7EA2225 /* Pods-ShudderDemo.debug.xcconfig */,
				999E4B99AC88C640032C38F3 /* Pods-ShudderDemo.release.xcconfig */,
				1FEF59F0F58DBA54670E48A2 /* Pods-ShudderDemoTests.debug.xcconfig */,
				9661CC0322AE1779AFD170D0 /* Pods-ShudderDemoTests.release.xcconfig */,
			);
			name = Pods;
			sourceTree = "<group>";
		};
		F170D54530010C6315FFFBE9 /* Frameworks */ = {
			isa = PBXGroup;
			children = (
				553F7B9A2301E2FCF68331CD /* Pods_ShudderDemo.framework */,
				A9CD2188951F1043FAD8FED3 /* Pods_ShudderDemoTests.framework */,
			);
			name = Frameworks;
			sourceTree = "<group>";
		};
/* End PBXGroup section */

/* Begin PBXNativeTarget section */
		9AE64C0B215ABFE70005837D /* ShudderDemo */ = {
			isa = PBXNativeTarget;
			buildConfigurationList = 9AE64C29215ABFE80005837D /* Build configuration list for PBXNativeTarget "ShudderDemo" */;
			buildPhases = (
				F0C938BDC0BE8BACB3199A6C /* [CP] Check Pods Manifest.lock */,
				9AE64C08215ABFE70005837D /* Sources */,
				9AE64C09215ABFE70005837D /* Frameworks */,
				9AE64C0A215ABFE70005837D /* Resources */,
				DDBE73533DA61D79A9DECC0B /* [CP] Embed Pods Frameworks */,
			);
			buildRules = (
			);
			dependencies = (
			);
			name = ShudderDemo;
			productName = ShudderDemo;
			productReference = 9AE64C0C215ABFE70005837D /* ShudderDemo.app */;
			productType = "com.apple.product-type.application";
		};
		9AE64C1F215ABFE80005837D /* ShudderDemoTests */ = {
			isa = PBXNativeTarget;
			buildConfigurationList = 9AE64C2C215ABFE80005837D /* Build configuration list for PBXNativeTarget "ShudderDemoTests" */;
			buildPhases = (
				5EA2DA9E0ED03D6EF4D2943D /* [CP] Check Pods Manifest.lock */,
				9AE64C1C215ABFE80005837D /* Sources */,
				9AE64C1D215ABFE80005837D /* Frameworks */,
				9AE64C1E215ABFE80005837D /* Resources */,
			);
			buildRules = (
			);
			dependencies = (
				9AE64C22215ABFE80005837D /* PBXTargetDependency */,
			);
			name = ShudderDemoTests;
			productName = ShudderDemoTests;
			productReference = 9AE64C20215ABFE80005837D /* ShudderDemoTests.xctest */;
			productType = "com.apple.product-type.bundle.unit-test";
		};
/* End PBXNativeTarget section */

/* Begin PBXProject section */
		9AE64C04215ABFE70005837D /* Project object */ = {
			isa = PBXProject;
			attributes = {
				LastSwiftUpdateCheck = 1000;
				LastUpgradeCheck = 1000;
				ORGANIZATIONNAME = "John Crossley";
				TargetAttributes = {
					9AE64C0B215ABFE70005837D = {
						CreatedOnToolsVersion = 10.0;
					};
					9AE64C1F215ABFE80005837D = {
						CreatedOnToolsVersion = 10.0;
						TestTargetID = 9AE64C0B215ABFE70005837D;
					};
				};
			};
			buildConfigurationList = 9AE64C07215ABFE70005837D /* Build configuration list for PBXProject "ShudderDemo" */;
			compatibilityVersion = "Xcode 9.3";
			developmentRegion = en;
			hasScannedForEncodings = 0;
			knownRegions = (
				en,
				Base,
			);
			mainGroup = 9AE64C03215ABFE70005837D;
			productRefGroup = 9AE64C0D215ABFE70005837D /* Products */;
			projectDirPath = "";
			projectRoot = "";
			targets = (
				9AE64C0B215ABFE70005837D /* ShudderDemo */,
				9AE64C1F215ABFE80005837D /* ShudderDemoTests */,
			);
		};
/* End PBXProject section */

/* Begin PBXResourcesBuildPhase section */
		9AE64C0A215ABFE70005837D /* Resources */ = {
			isa = PBXResourcesBuildPhase;
			buildActionMask = 2147483647;
			files = (
				9AE64C1A215ABFE80005837D /* LaunchScreen.storyboard in Resources */,
				9AE64C17215ABFE80005837D /* Assets.xcassets in Resources */,
				9A6815EA215AC2D600C7BA6E /* Roboto-Condensed.ttf in Resources */,
				9A64C178215B6A1E0018F61B /* data.json in Resources */,
			);
			runOnlyForDeploymentPostprocessing = 0;
		};
		9AE64C1E215ABFE80005837D /* Resources */ = {
			isa = PBXResourcesBuildPhase;
			buildActionMask = 2147483647;
			files = (
			);
			runOnlyForDeploymentPostprocessing = 0;
		};
/* End PBXResourcesBuildPhase section */

/* Begin PBXShellScriptBuildPhase section */
		5EA2DA9E0ED03D6EF4D2943D /* [CP] Check Pods Manifest.lock */ = {
			isa = PBXShellScriptBuildPhase;
			buildActionMask = 2147483647;
			files = (
			);
			inputPaths = (
				"${PODS_PODFILE_DIR_PATH}/Podfile.lock",
				"${PODS_ROOT}/Manifest.lock",
			);
			name = "[CP] Check Pods Manifest.lock";
			outputPaths = (
				"$(DERIVED_FILE_DIR)/Pods-ShudderDemoTests-checkManifestLockResult.txt",
			);
			runOnlyForDeploymentPostprocessing = 0;
			shellPath = /bin/sh;
			shellScript = "diff \"${PODS_PODFILE_DIR_PATH}/Podfile.lock\" \"${PODS_ROOT}/Manifest.lock\" > /dev/null\nif [ $? != 0 ] ; then\n    # print error to STDERR\n    echo \"error: The sandbox is not in sync with the Podfile.lock. Run 'pod install' or update your CocoaPods installation.\" >&2\n    exit 1\nfi\n# This output is used by Xcode 'outputs' to avoid re-running this script phase.\necho \"SUCCESS\" > \"${SCRIPT_OUTPUT_FILE_0}\"\n";
			showEnvVarsInLog = 0;
		};
		DDBE73533DA61D79A9DECC0B /* [CP] Embed Pods Frameworks */ = {
			isa = PBXShellScriptBuildPhase;
			buildActionMask = 2147483647;
			files = (
			);
			inputPaths = (
				"${SRCROOT}/Pods/Target Support Files/Pods-ShudderDemo/Pods-ShudderDemo-frameworks.sh",
				"${BUILT_PRODUCTS_DIR}/SnapKit/SnapKit.framework",
			);
			name = "[CP] Embed Pods Frameworks";
			outputPaths = (
				"${TARGET_BUILD_DIR}/${FRAMEWORKS_FOLDER_PATH}/SnapKit.framework",
			);
			runOnlyForDeploymentPostprocessing = 0;
			shellPath = /bin/sh;
			shellScript = "\"${SRCROOT}/Pods/Target Support Files/Pods-ShudderDemo/Pods-ShudderDemo-frameworks.sh\"\n";
			showEnvVarsInLog = 0;
		};
		F0C938BDC0BE8BACB3199A6C /* [CP] Check Pods Manifest.lock */ = {
			isa = PBXShellScriptBuildPhase;
			buildActionMask = 2147483647;
			files = (
			);
			inputPaths = (
				"${PODS_PODFILE_DIR_PATH}/Podfile.lock",
				"${PODS_ROOT}/Manifest.lock",
			);
			name = "[CP] Check Pods Manifest.lock";
			outputPaths = (
				"$(DERIVED_FILE_DIR)/Pods-ShudderDemo-checkManifestLockResult.txt",
			);
			runOnlyForDeploymentPostprocessing = 0;
			shellPath = /bin/sh;
			shellScript = "diff \"${PODS_PODFILE_DIR_PATH}/Podfile.lock\" \"${PODS_ROOT}/Manifest.lock\" > /dev/null\nif [ $? != 0 ] ; then\n    # print error to STDERR\n    echo \"error: The sandbox is not in sync with the Podfile.lock. Run 'pod install' or update your CocoaPods installation.\" >&2\n    exit 1\nfi\n# This output is used by Xcode 'outputs' to avoid re-running this script phase.\necho \"SUCCESS\" > \"${SCRIPT_OUTPUT_FILE_0}\"\n";
			showEnvVarsInLog = 0;
		};
/* End PBXShellScriptBuildPhase section */

/* Begin PBXSourcesBuildPhase section */
		9AE64C08215ABFE70005837D /* Sources */ = {
			isa = PBXSourcesBuildPhase;
			buildActionMask = 2147483647;
			files = (
				9AE64C12215ABFE70005837D /* FeaturedViewController.swift in Sources */,
				9A64C180215B72690018F61B /* Item.swift in Sources */,
				9A64C175215B69710018F61B /* UINavigationController+Extensions.swift in Sources */,
				9A64C173215B63390018F61B /* UIColor+Extensions.swift in Sources */,
				9A64C182215B738D0018F61B /* MovieService.swift in Sources */,
				9A64C17B215B6BEB0018F61B /* ShudderMovieService.swift in Sources */,
				9AE64C10215ABFE70005837D /* AppDelegate.swift in Sources */,
				9A64C17E215B72410018F61B /* Section.swift in Sources */,
				9A64C170215B62390018F61B /* GlobalAppearance.swift in Sources */,
				9A64C16E215ACBC20018F61B /* CategoryRowCell.swift in Sources */,
				9A64C184215B74E20018F61B /* FeaturedViewModel.swift in Sources */,
			);
			runOnlyForDeploymentPostprocessing = 0;
		};
		9AE64C1C215ABFE80005837D /* Sources */ = {
			isa = PBXSourcesBuildPhase;
			buildActionMask = 2147483647;
			files = (
				9AE64C25215ABFE80005837D /* ShudderDemoTests.swift in Sources */,
			);
			runOnlyForDeploymentPostprocessing = 0;
		};
/* End PBXSourcesBuildPhase section */

/* Begin PBXTargetDependency section */
		9AE64C22215ABFE80005837D /* PBXTargetDependency */ = {
			isa = PBXTargetDependency;
			target = 9AE64C0B215ABFE70005837D /* ShudderDemo */;
			targetProxy = 9AE64C21215ABFE80005837D /* PBXContainerItemProxy */;
		};
/* End PBXTargetDependency section */

/* Begin PBXVariantGroup section */
		9AE64C18215ABFE80005837D /* LaunchScreen.storyboard */ = {
			isa = PBXVariantGroup;
			children = (
				9AE64C19215ABFE80005837D /* Base */,
			);
			name = LaunchScreen.storyboard;
			sourceTree = "<group>";
		};
/* End PBXVariantGroup section */

/* Begin XCBuildConfiguration section */
		9AE64C27215ABFE80005837D /* Debug */ = {
			isa = XCBuildConfiguration;
			buildSettings = {
				ALWAYS_SEARCH_USER_PATHS = NO;
				CLANG_ANALYZER_NONNULL = YES;
				CLANG_ANALYZER_NUMBER_OBJECT_CONVERSION = YES_AGGRESSIVE;
				CLANG_CXX_LANGUAGE_STANDARD = "gnu++14";
				CLANG_CXX_LIBRARY = "libc++";
				CLANG_ENABLE_MODULES = YES;
				CLANG_ENABLE_OBJC_ARC = YES;
				CLANG_ENABLE_OBJC_WEAK = YES;
				CLANG_WARN_BLOCK_CAPTURE_AUTORELEASING = YES;
				CLANG_WARN_BOOL_CONVERSION = YES;
				CLANG_WARN_COMMA = YES;
				CLANG_WARN_CONSTANT_CONVERSION = YES;
				CLANG_WARN_DEPRECATED_OBJC_IMPLEMENTATIONS = YES;
				CLANG_WARN_DIRECT_OBJC_ISA_USAGE = YES_ERROR;
				CLANG_WARN_DOCUMENTATION_COMMENTS = YES;
				CLANG_WARN_EMPTY_BODY = YES;
				CLANG_WARN_ENUM_CONVERSION = YES;
				CLANG_WARN_INFINITE_RECURSION = YES;
				CLANG_WARN_INT_CONVERSION = YES;
				CLANG_WARN_NON_LITERAL_NULL_CONVERSION = YES;
				CLANG_WARN_OBJC_IMPLICIT_RETAIN_SELF = YES;
				CLANG_WARN_OBJC_LITERAL_CONVERSION = YES;
				CLANG_WARN_OBJC_ROOT_CLASS = YES_ERROR;
				CLANG_WARN_RANGE_LOOP_ANALYSIS = YES;
				CLANG_WARN_STRICT_PROTOTYPES = YES;
				CLANG_WARN_SUSPICIOUS_MOVE = YES;
				CLANG_WARN_UNGUARDED_AVAILABILITY = YES_AGGRESSIVE;
				CLANG_WARN_UNREACHABLE_CODE = YES;
				CLANG_WARN__DUPLICATE_METHOD_MATCH = YES;
				CODE_SIGN_IDENTITY = "iPhone Developer";
				COPY_PHASE_STRIP = NO;
				DEBUG_INFORMATION_FORMAT = dwarf;
				ENABLE_STRICT_OBJC_MSGSEND = YES;
				ENABLE_TESTABILITY = YES;
				GCC_C_LANGUAGE_STANDARD = gnu11;
				GCC_DYNAMIC_NO_PIC = NO;
				GCC_NO_COMMON_BLOCKS = YES;
				GCC_OPTIMIZATION_LEVEL = 0;
				GCC_PREPROCESSOR_DEFINITIONS = (
					"DEBUG=1",
					"$(inherited)",
				);
				GCC_WARN_64_TO_32_BIT_CONVERSION = YES;
				GCC_WARN_ABOUT_RETURN_TYPE = YES_ERROR;
				GCC_WARN_UNDECLARED_SELECTOR = YES;
				GCC_WARN_UNINITIALIZED_AUTOS = YES_AGGRESSIVE;
				GCC_WARN_UNUSED_FUNCTION = YES;
				GCC_WARN_UNUSED_VARIABLE = YES;
				IPHONEOS_DEPLOYMENT_TARGET = 12.0;
				MTL_ENABLE_DEBUG_INFO = INCLUDE_SOURCE;
				MTL_FAST_MATH = YES;
				ONLY_ACTIVE_ARCH = YES;
				SDKROOT = iphoneos;
				SWIFT_ACTIVE_COMPILATION_CONDITIONS = DEBUG;
				SWIFT_OPTIMIZATION_LEVEL = "-Onone";
			};
			name = Debug;
		};
		9AE64C28215ABFE80005837D /* Release */ = {
			isa = XCBuildConfiguration;
			buildSettings = {
				ALWAYS_SEARCH_USER_PATHS = NO;
				CLANG_ANALYZER_NONNULL = YES;
				CLANG_ANALYZER_NUMBER_OBJECT_CONVERSION = YES_AGGRESSIVE;
				CLANG_CXX_LANGUAGE_STANDARD = "gnu++14";
				CLANG_CXX_LIBRARY = "libc++";
				CLANG_ENABLE_MODULES = YES;
				CLANG_ENABLE_OBJC_ARC = YES;
				CLANG_ENABLE_OBJC_WEAK = YES;
				CLANG_WARN_BLOCK_CAPTURE_AUTORELEASING = YES;
				CLANG_WARN_BOOL_CONVERSION = YES;
				CLANG_WARN_COMMA = YES;
				CLANG_WARN_CONSTANT_CONVERSION = YES;
				CLANG_WARN_DEPRECATED_OBJC_IMPLEMENTATIONS = YES;
				CLANG_WARN_DIRECT_OBJC_ISA_USAGE = YES_ERROR;
				CLANG_WARN_DOCUMENTATION_COMMENTS = YES;
				CLANG_WARN_EMPTY_BODY = YES;
				CLANG_WARN_ENUM_CONVERSION = YES;
				CLANG_WARN_INFINITE_RECURSION = YES;
				CLANG_WARN_INT_CONVERSION = YES;
				CLANG_WARN_NON_LITERAL_NULL_CONVERSION = YES;
				CLANG_WARN_OBJC_IMPLICIT_RETAIN_SELF = YES;
				CLANG_WARN_OBJC_LITERAL_CONVERSION = YES;
				CLANG_WARN_OBJC_ROOT_CLASS = YES_ERROR;
				CLANG_WARN_RANGE_LOOP_ANALYSIS = YES;
				CLANG_WARN_STRICT_PROTOTYPES = YES;
				CLANG_WARN_SUSPICIOUS_MOVE = YES;
				CLANG_WARN_UNGUARDED_AVAILABILITY = YES_AGGRESSIVE;
				CLANG_WARN_UNREACHABLE_CODE = YES;
				CLANG_WARN__DUPLICATE_METHOD_MATCH = YES;
				CODE_SIGN_IDENTITY = "iPhone Developer";
				COPY_PHASE_STRIP = NO;
				DEBUG_INFORMATION_FORMAT = "dwarf-with-dsym";
				ENABLE_NS_ASSERTIONS = NO;
				ENABLE_STRICT_OBJC_MSGSEND = YES;
				GCC_C_LANGUAGE_STANDARD = gnu11;
				GCC_NO_COMMON_BLOCKS = YES;
				GCC_WARN_64_TO_32_BIT_CONVERSION = YES;
				GCC_WARN_ABOUT_RETURN_TYPE = YES_ERROR;
				GCC_WARN_UNDECLARED_SELECTOR = YES;
				GCC_WARN_UNINITIALIZED_AUTOS = YES_AGGRESSIVE;
				GCC_WARN_UNUSED_FUNCTION = YES;
				GCC_WARN_UNUSED_VARIABLE = YES;
				IPHONEOS_DEPLOYMENT_TARGET = 12.0;
				MTL_ENABLE_DEBUG_INFO = NO;
				MTL_FAST_MATH = YES;
				SDKROOT = iphoneos;
				SWIFT_COMPILATION_MODE = wholemodule;
				SWIFT_OPTIMIZATION_LEVEL = "-O";
				VALIDATE_PRODUCT = YES;
			};
			name = Release;
		};
		9AE64C2A215ABFE80005837D /* Debug */ = {
			isa = XCBuildConfiguration;
			baseConfigurationReference = C7C23CEECA06AB34E7EA2225 /* Pods-ShudderDemo.debug.xcconfig */;
			buildSettings = {
				ASSETCATALOG_COMPILER_APPICON_NAME = AppIcon;
				CODE_SIGN_STYLE = Automatic;
				DEVELOPMENT_TEAM = 8J3TTY737M;
				INFOPLIST_FILE = ShudderDemo/Info.plist;
				LD_RUNPATH_SEARCH_PATHS = (
					"$(inherited)",
					"@executable_path/Frameworks",
				);
				PRODUCT_BUNDLE_IDENTIFIER = io.jonnothebonno.ShudderDemo;
				PRODUCT_NAME = "$(TARGET_NAME)";
				SWIFT_VERSION = 4.2;
				TARGETED_DEVICE_FAMILY = "1,2";
			};
			name = Debug;
		};
		9AE64C2B215ABFE80005837D /* Release */ = {
			isa = XCBuildConfiguration;
			baseConfigurationReference = 999E4B99AC88C640032C38F3 /* Pods-ShudderDemo.release.xcconfig */;
			buildSettings = {
				ASSETCATALOG_COMPILER_APPICON_NAME = AppIcon;
				CODE_SIGN_STYLE = Automatic;
				DEVELOPMENT_TEAM = 8J3TTY737M;
				INFOPLIST_FILE = ShudderDemo/Info.plist;
				LD_RUNPATH_SEARCH_PATHS = (
					"$(inherited)",
					"@executable_path/Frameworks",
				);
				PRODUCT_BUNDLE_IDENTIFIER = io.jonnothebonno.ShudderDemo;
				PRODUCT_NAME = "$(TARGET_NAME)";
				SWIFT_VERSION = 4.2;
				TARGETED_DEVICE_FAMILY = "1,2";
			};
			name = Release;
		};
		9AE64C2D215ABFE80005837D /* Debug */ = {
			isa = XCBuildConfiguration;
			baseConfigurationReference = 1FEF59F0F58DBA54670E48A2 /* Pods-ShudderDemoTests.debug.xcconfig */;
			buildSettings = {
				ALWAYS_EMBED_SWIFT_STANDARD_LIBRARIES = YES;
				BUNDLE_LOADER = "$(TEST_HOST)";
				CODE_SIGN_STYLE = Automatic;
				DEVELOPMENT_TEAM = 8J3TTY737M;
				INFOPLIST_FILE = ShudderDemoTests/Info.plist;
				LD_RUNPATH_SEARCH_PATHS = (
					"$(inherited)",
					"@executable_path/Frameworks",
					"@loader_path/Frameworks",
				);
				PRODUCT_BUNDLE_IDENTIFIER = io.jonnothebonno.ShudderDemoTests;
				PRODUCT_NAME = "$(TARGET_NAME)";
				SWIFT_VERSION = 4.2;
				TARGETED_DEVICE_FAMILY = "1,2";
				TEST_HOST = "$(BUILT_PRODUCTS_DIR)/ShudderDemo.app/ShudderDemo";
			};
			name = Debug;
		};
		9AE64C2E215ABFE80005837D /* Release */ = {
			isa = XCBuildConfiguration;
			baseConfigurationReference = 9661CC0322AE1779AFD170D0 /* Pods-ShudderDemoTests.release.xcconfig */;
			buildSettings = {
				ALWAYS_EMBED_SWIFT_STANDARD_LIBRARIES = YES;
				BUNDLE_LOADER = "$(TEST_HOST)";
				CODE_SIGN_STYLE = Automatic;
				DEVELOPMENT_TEAM = 8J3TTY737M;
				INFOPLIST_FILE = ShudderDemoTests/Info.plist;
				LD_RUNPATH_SEARCH_PATHS = (
					"$(inherited)",
					"@executable_path/Frameworks",
					"@loader_path/Frameworks",
				);
				PRODUCT_BUNDLE_IDENTIFIER = io.jonnothebonno.ShudderDemoTests;
				PRODUCT_NAME = "$(TARGET_NAME)";
				SWIFT_VERSION = 4.2;
				TARGETED_DEVICE_FAMILY = "1,2";
				TEST_HOST = "$(BUILT_PRODUCTS_DIR)/ShudderDemo.app/ShudderDemo";
			};
			name = Release;
		};
/* End XCBuildConfiguration section */

/* Begin XCConfigurationList section */
		9AE64C07215ABFE70005837D /* Build configuration list for PBXProject "ShudderDemo" */ = {
			isa = XCConfigurationList;
			buildConfigurations = (
				9AE64C27215ABFE80005837D /* Debug */,
				9AE64C28215ABFE80005837D /* Release */,
			);
			defaultConfigurationIsVisible = 0;
			defaultConfigurationName = Release;
		};
		9AE64C29215ABFE80005837D /* Build configuration list for PBXNativeTarget "ShudderDemo" */ = {
			isa = XCConfigurationList;
			buildConfigurations = (
				9AE64C2A215ABFE80005837D /* Debug */,
				9AE64C2B215ABFE80005837D /* Release */,
			);
			defaultConfigurationIsVisible = 0;
			defaultConfigurationName = Release;
		};
		9AE64C2C215ABFE80005837D /* Build configuration list for PBXNativeTarget "ShudderDemoTests" */ = {
			isa = XCConfigurationList;
			buildConfigurations = (
				9AE64C2D215ABFE80005837D /* Debug */,
				9AE64C2E215ABFE80005837D /* Release */,
			);
			defaultConfigurationIsVisible = 0;
			defaultConfigurationName = Release;
		};
/* End XCConfigurationList section */
	};
	rootObject = 9AE64C04215ABFE70005837D /* Project object */;
}
